
Microsoft Visual Studio Solution File, Format Version 12.00
# Visual Studio 15
VisualStudioVersion = 15.0.27703.2000
MinimumVisualStudioVersion = 10.0.40219.1
Project("{8BC9CEB8-8B4A-11D0-8D11-00A0C91BC942}") = "ModernHook", "ModernHook\ModernHook.vcxitems", "{FFB2EE76-7899-4BF4-9582-C5DC1D1EB1AA}"
EndProject
Project("{8BC9CEB8-8B4A-11D0-8D11-00A0C91BC942}") = "Test", "Test\Test.vcxproj", "{E91FCA4A-922F-41DE-8C70-56E615D5BE17}"
EndProject
Global
	GlobalSection(SharedMSBuildProjectFiles) = preSolution
		ModernHook\ModernHook.vcxitems*{e91fca4a-922f-41de-8c70-56e615d5be17}*SharedItemsImports = 4
		ModernHook\ModernHook.vcxitems*{ffb2ee76-7899-4bf4-9582-c5dc1d1eb1aa}*SharedItemsImports = 9
	EndGlobalSection
	GlobalSection(SolutionConfigurationPlatforms) = preSolution
		Debug|x64 = Debug|x64
		Debug|x86 = Debug|x86
		Release|x64 = Release|x64
		Release|x86 = Release|x86
	EndGlobalSection
	GlobalSection(ProjectConfigurationPlatforms) = postSolution
		{E91FCA4A-922F-41DE-8C70-56E615D5BE17}.Debug|x64.ActiveCfg = Debug|x64
		{E91FCA4A-922F-41DE-8C70-56E615D5BE17}.Debug|x64.Build.0 = Debug|x64
		{E91FCA4A-922F-41DE-8C70-56E615D5BE17}.Debug|x86.ActiveCfg = Debug|Win32
		{E91FCA4A-922F-41DE-8C70-56E615D5BE17}.Debug|x86.Build.0 = Debug|Win32
		{E91FCA4A-922F-41DE-8C70-56E615D5BE17}.Release|x64.ActiveCfg = Release|x64
		{E91FCA4A-922F-41DE-8C70-56E615D5BE17}.Release|x64.Build.0 = Release|x64
		{E91FCA4A-922F-41DE-8C70-56E615D5BE17}.Release|x86.ActiveCfg = Release|Win32
		{E91FCA4A-922F-41DE-8C70-56E615D5BE17}.Release|x86.Build.0 = Release|Win32
	EndGlobalSection
	GlobalSection(SolutionProperties) = preSolution
		HideSolutionNode = FALSE
	EndGlobalSection
	GlobalSection(ExtensibilityGlobals) = postSolution
		SolutionGuid = {FD7B910B-EFE1-41E5-ABA7-CAA2CFC7E5FD}
	EndGlobalSection
EndGlobal
